
Microsoft Visual Studio Solution File, Format Version 12.00
# Visual Studio Express 2012 for Windows Desktop
Project("{FAE04EC0-301F-11D3-BF4B-00C04F79EFBC}") = "NosTayle - GameServer", "NosTayle - GameServer\NosTayle - GameServer.csproj", "{AFFC1F3F-3219-4043-8E76-6B6A2C0FA430}"
EndProject
Global
	GlobalSection(SolutionConfigurationPlatforms) = preSolution
		Debug|Any CPU = Debug|Any CPU
		Release|Any CPU = Release|Any CPU
	EndGlobalSection
	GlobalSection(ProjectConfigurationPlatforms) = postSolution
		{AFFC1F3F-3219-4043-8E76-6B6A2C0FA430}.Debug|Any CPU.ActiveCfg = Debug|Any CPU
		{AFFC1F3F-3219-4043-8E76-6B6A2C0FA430}.Debug|Any CPU.Build.0 = Debug|Any CPU
		{AFFC1F3F-3219-4043-8E76-6B6A2C0FA430}.Release|Any CPU.ActiveCfg = Release|Any CPU
		{AFFC1F3F-3219-4043-8E76-6B6A2C0FA430}.Release|Any CPU.Build.0 = Release|Any CPU
	EndGlobalSection
	GlobalSection(SolutionProperties) = preSolution
		HideSolutionNode = FALSE
	EndGlobalSection
EndGlobal
